
Microsoft Visual Studio Solution File, Format Version 12.00
# Visual Studio 15
VisualStudioVersion = 15.0.26228.12
MinimumVisualStudioVersion = 10.0.40219.1
Project("{FAE04EC0-301F-11D3-BF4B-00C04F79EFBC}") = "JeoAPPardy", "JeoAPPardy\JeoAPPardy.csproj", "{8C53BE0A-33EF-4F3B-B2E7-08040E1EFEB1}"
EndProject
Project("{FAE04EC0-301F-11D3-BF4B-00C04F79EFBC}") = "JeoAPPardy.Api", "JeoAPPardy.Api\JeoAPPardy.Api.csproj", "{7F12A678-74D0-4600-B01C-DB82CC6FE8C2}"
EndProject
Project("{FAE04EC0-301F-11D3-BF4B-00C04F79EFBC}") = "JeoAPPardy.Api.Tests", "JeoAPPardy.Api.Tests\JeoAPPardy.Api.Tests.csproj", "{82B758D4-F0D7-4F8D-8138-58A52005486A}"
EndProject
Global
	GlobalSection(SolutionConfigurationPlatforms) = preSolution
		Debug|Any CPU = Debug|Any CPU
		Debug|ARM = Debug|ARM
		Debug|x64 = Debug|x64
		Debug|x86 = Debug|x86
		Release|Any CPU = Release|Any CPU
		Release|ARM = Release|ARM
		Release|x64 = Release|x64
		Release|x86 = Release|x86
	EndGlobalSection
	GlobalSection(ProjectConfigurationPlatforms) = postSolution
		{8C53BE0A-33EF-4F3B-B2E7-08040E1EFEB1}.Debug|Any CPU.ActiveCfg = Debug|x86
		{8C53BE0A-33EF-4F3B-B2E7-08040E1EFEB1}.Debug|ARM.ActiveCfg = Debug|ARM
		{8C53BE0A-33EF-4F3B-B2E7-08040E1EFEB1}.Debug|ARM.Build.0 = Debug|ARM
		{8C53BE0A-33EF-4F3B-B2E7-08040E1EFEB1}.Debug|ARM.Deploy.0 = Debug|ARM
		{8C53BE0A-33EF-4F3B-B2E7-08040E1EFEB1}.Debug|x64.ActiveCfg = Debug|x64
		{8C53BE0A-33EF-4F3B-B2E7-08040E1EFEB1}.Debug|x64.Build.0 = Debug|x64
		{8C53BE0A-33EF-4F3B-B2E7-08040E1EFEB1}.Debug|x64.Deploy.0 = Debug|x64
		{8C53BE0A-33EF-4F3B-B2E7-08040E1EFEB1}.Debug|x86.ActiveCfg = Debug|x86
		{8C53BE0A-33EF-4F3B-B2E7-08040E1EFEB1}.Debug|x86.Build.0 = Debug|x86
		{8C53BE0A-33EF-4F3B-B2E7-08040E1EFEB1}.Debug|x86.Deploy.0 = Debug|x86
		{8C53BE0A-33EF-4F3B-B2E7-08040E1EFEB1}.Release|Any CPU.ActiveCfg = Release|x86
		{8C53BE0A-33EF-4F3B-B2E7-08040E1EFEB1}.Release|ARM.ActiveCfg = Release|ARM
		{8C53BE0A-33EF-4F3B-B2E7-08040E1EFEB1}.Release|ARM.Build.0 = Release|ARM
		{8C53BE0A-33EF-4F3B-B2E7-08040E1EFEB1}.Release|ARM.Deploy.0 = Release|ARM
		{8C53BE0A-33EF-4F3B-B2E7-08040E1EFEB1}.Release|x64.ActiveCfg = Release|x64
		{8C53BE0A-33EF-4F3B-B2E7-08040E1EFEB1}.Release|x64.Build.0 = Release|x64
		{8C53BE0A-33EF-4F3B-B2E7-08040E1EFEB1}.Release|x64.Deploy.0 = Release|x64
		{8C53BE0A-33EF-4F3B-B2E7-08040E1EFEB1}.Release|x86.ActiveCfg = Release|x86
		{8C53BE0A-33EF-4F3B-B2E7-08040E1EFEB1}.Release|x86.Build.0 = Release|x86
		{8C53BE0A-33EF-4F3B-B2E7-08040E1EFEB1}.Release|x86.Deploy.0 = Release|x86
		{7F12A678-74D0-4600-B01C-DB82CC6FE8C2}.Debug|Any CPU.ActiveCfg = Debug|Any CPU
		{7F12A678-74D0-4600-B01C-DB82CC6FE8C2}.Debug|Any CPU.Build.0 = Debug|Any CPU
		{7F12A678-74D0-4600-B01C-DB82CC6FE8C2}.Debug|ARM.ActiveCfg = Debug|ARM
		{7F12A678-74D0-4600-B01C-DB82CC6FE8C2}.Debug|ARM.Build.0 = Debug|ARM
		{7F12A678-74D0-4600-B01C-DB82CC6FE8C2}.Debug|x64.ActiveCfg = Debug|x64
		{7F12A678-74D0-4600-B01C-DB82CC6FE8C2}.Debug|x64.Build.0 = Debug|x64
		{7F12A678-74D0-4600-B01C-DB82CC6FE8C2}.Debug|x86.ActiveCfg = Debug|x86
		{7F12A678-74D0-4600-B01C-DB82CC6FE8C2}.Debug|x86.Build.0 = Debug|x86
		{7F12A678-74D0-4600-B01C-DB82CC6FE8C2}.Release|Any CPU.ActiveCfg = Release|Any CPU
		{7F12A678-74D0-4600-B01C-DB82CC6FE8C2}.Release|Any CPU.Build.0 = Release|Any CPU
		{7F12A678-74D0-4600-B01C-DB82CC6FE8C2}.Release|ARM.ActiveCfg = Release|ARM
		{7F12A678-74D0-4600-B01C-DB82CC6FE8C2}.Release|ARM.Build.0 = Release|ARM
		{7F12A678-74D0-4600-B01C-DB82CC6FE8C2}.Release|x64.ActiveCfg = Release|x64
		{7F12A678-74D0-4600-B01C-DB82CC6FE8C2}.Release|x64.Build.0 = Release|x64
		{7F12A678-74D0-4600-B01C-DB82CC6FE8C2}.Release|x86.ActiveCfg = Release|x86
		{7F12A678-74D0-4600-B01C-DB82CC6FE8C2}.Release|x86.Build.0 = Release|x86
		{82B758D4-F0D7-4F8D-8138-58A52005486A}.Debug|Any CPU.ActiveCfg = Debug|x86
		{82B758D4-F0D7-4F8D-8138-58A52005486A}.Debug|ARM.ActiveCfg = Debug|ARM
		{82B758D4-F0D7-4F8D-8138-58A52005486A}.Debug|ARM.Build.0 = Debug|ARM
		{82B758D4-F0D7-4F8D-8138-58A52005486A}.Debug|ARM.Deploy.0 = Debug|ARM
		{82B758D4-F0D7-4F8D-8138-58A52005486A}.Debug|x64.ActiveCfg = Debug|x64
		{82B758D4-F0D7-4F8D-8138-58A52005486A}.Debug|x64.Build.0 = Debug|x64
		{82B758D4-F0D7-4F8D-8138-58A52005486A}.Debug|x64.Deploy.0 = Debug|x64
		{82B758D4-F0D7-4F8D-8138-58A52005486A}.Debug|x86.ActiveCfg = Debug|x86
		{82B758D4-F0D7-4F8D-8138-58A52005486A}.Debug|x86.Build.0 = Debug|x86
		{82B758D4-F0D7-4F8D-8138-58A52005486A}.Debug|x86.Deploy.0 = Debug|x86
		{82B758D4-F0D7-4F8D-8138-58A52005486A}.Release|Any CPU.ActiveCfg = Release|x86
		{82B758D4-F0D7-4F8D-8138-58A52005486A}.Release|ARM.ActiveCfg = Release|ARM
		{82B758D4-F0D7-4F8D-8138-58A52005486A}.Release|ARM.Build.0 = Release|ARM
		{82B758D4-F0D7-4F8D-8138-58A52005486A}.Release|ARM.Deploy.0 = Release|ARM
		{82B758D4-F0D7-4F8D-8138-58A52005486A}.Release|x64.ActiveCfg = Release|x64
		{82B758D4-F0D7-4F8D-8138-58A52005486A}.Release|x64.Build.0 = Release|x64
		{82B758D4-F0D7-4F8D-8138-58A52005486A}.Release|x64.Deploy.0 = Release|x64
		{82B758D4-F0D7-4F8D-8138-58A52005486A}.Release|x86.ActiveCfg = Release|x86
		{82B758D4-F0D7-4F8D-8138-58A52005486A}.Release|x86.Build.0 = Release|x86
		{82B758D4-F0D7-4F8D-8138-58A52005486A}.Release|x86.Deploy.0 = Release|x86
	EndGlobalSection
	GlobalSection(SolutionProperties) = preSolution
		HideSolutionNode = FALSE
	EndGlobalSection
EndGlobal
